
Microsoft Visual Studio Solution File, Format Version 12.00
# Visual Studio Version 17
VisualStudioVersion = 17.10.35027.167
MinimumVisualStudioVersion = 10.0.40219.1
Project("{FAE04EC0-301F-11D3-BF4B-00C04F79EFBC}") = "HygeRoyal-Booking", "HygeRoyal-Booking\HygeRoyal-Booking.csproj", "{12B66F29-720A-4322-8F53-33A2D9FD5471}"
EndProject
Global
	GlobalSection(SolutionConfigurationPlatforms) = preSolution
		Debug|Any CPU = Debug|Any CPU
		Release|Any CPU = Release|Any CPU
	EndGlobalSection
	GlobalSection(ProjectConfigurationPlatforms) = postSolution
		{12B66F29-720A-4322-8F53-33A2D9FD5471}.Debug|Any CPU.ActiveCfg = Debug|Any CPU
		{12B66F29-720A-4322-8F53-33A2D9FD5471}.Debug|Any CPU.Build.0 = Debug|Any CPU
		{12B66F29-720A-4322-8F53-33A2D9FD5471}.Release|Any CPU.ActiveCfg = Release|Any CPU
		{12B66F29-720A-4322-8F53-33A2D9FD5471}.Release|Any CPU.Build.0 = Release|Any CPU
	EndGlobalSection
	GlobalSection(SolutionProperties) = preSolution
		HideSolutionNode = FALSE
	EndGlobalSection
	GlobalSection(ExtensibilityGlobals) = postSolution
		SolutionGuid = {4976AD43-5836-43F5-AAAF-16FEB9C3D373}
	EndGlobalSection
EndGlobal
